{
  "originHash" : "f407d24ed24dd61f1295e3723ac84ce1503267df21c6bf7ce8180042fa5cf13b",
  "pins" : [
    {
      "identity" : "fluidaudio",
      "kind" : "remoteSourceControl",
      "location" : "https://github.com/grapeot/FluidAudio",
      "state" : {
        "revision" : "10df300c9703d4866b4672a2394975464c090c25",
        "version" : "0.15.9"
      }
    }
  ],
  "version" : 3
}
